
Microsoft Visual Studio Solution File, Format Version 12.00
# Visual Studio Version 16
VisualStudioVersion = 16.0.31321.278
MinimumVisualStudioVersion = 10.0.40219.1
Project("{FAE04EC0-301F-11D3-BF4B-00C04F79EFBC}") = "HttpRequest", "HttpRequest.csproj", "{61A58D44-A4A4-481D-8463-BCF6D3C00B78}"
EndProject
Global
	GlobalSection(SolutionConfigurationPlatforms) = preSolution
		Debug|Any CPU = Debug|Any CPU
		Release|Any CPU = Release|Any CPU
	EndGlobalSection
	GlobalSection(ProjectConfigurationPlatforms) = postSolution
		{61A58D44-A4A4-481D-8463-BCF6D3C00B78}.Debug|Any CPU.ActiveCfg = Debug|Any CPU
		{61A58D44-A4A4-481D-8463-BCF6D3C00B78}.Debug|Any CPU.Build.0 = Debug|Any CPU
		{61A58D44-A4A4-481D-8463-BCF6D3C00B78}.Release|Any CPU.ActiveCfg = Release|Any CPU
		{61A58D44-A4A4-481D-8463-BCF6D3C00B78}.Release|Any CPU.Build.0 = Release|Any CPU
	EndGlobalSection
	GlobalSection(SolutionProperties) = preSolution
		HideSolutionNode = FALSE
	EndGlobalSection
	GlobalSection(ExtensibilityGlobals) = postSolution
		SolutionGuid = {48941EE7-DCDC-43ED-9D8F-551F1FE9C2D8}
	EndGlobalSection
EndGlobal
